
Microsoft Visual Studio Solution File, Format Version 12.00
# Visual Studio Version 17
VisualStudioVersion = 17.4.33213.308
MinimumVisualStudioVersion = 10.0.40219.1
Project("{FAE04EC0-301F-11D3-BF4B-00C04F79EFBC}") = "RevitAPITraining_WallTypeChanger", "RevitAPITraining_WallTypeChanger\RevitAPITraining_WallTypeChanger.csproj", "{5DBA0663-1DF3-4354-A67E-2599E8863F7D}"
EndProject
Project("{FAE04EC0-301F-11D3-BF4B-00C04F79EFBC}") = "RevitApiTrainingLibrary", "..\RevitApiTrainingLibrary\RevitApiTrainingLibrary\RevitApiTrainingLibrary.csproj", "{3FAAE10B-2C31-48EA-9D78-CD0FA60B4AAA}"
EndProject
Global
	GlobalSection(SolutionConfigurationPlatforms) = preSolution
		Debug|Any CPU = Debug|Any CPU
		Release|Any CPU = Release|Any CPU
	EndGlobalSection
	GlobalSection(ProjectConfigurationPlatforms) = postSolution
		{5DBA0663-1DF3-4354-A67E-2599E8863F7D}.Debug|Any CPU.ActiveCfg = Debug|Any CPU
		{5DBA0663-1DF3-4354-A67E-2599E8863F7D}.Debug|Any CPU.Build.0 = Debug|Any CPU
		{5DBA0663-1DF3-4354-A67E-2599E8863F7D}.Release|Any CPU.ActiveCfg = Release|Any CPU
		{5DBA0663-1DF3-4354-A67E-2599E8863F7D}.Release|Any CPU.Build.0 = Release|Any CPU
		{3FAAE10B-2C31-48EA-9D78-CD0FA60B4AAA}.Debug|Any CPU.ActiveCfg = Debug|Any CPU
		{3FAAE10B-2C31-48EA-9D78-CD0FA60B4AAA}.Debug|Any CPU.Build.0 = Debug|Any CPU
		{3FAAE10B-2C31-48EA-9D78-CD0FA60B4AAA}.Release|Any CPU.ActiveCfg = Release|Any CPU
		{3FAAE10B-2C31-48EA-9D78-CD0FA60B4AAA}.Release|Any CPU.Build.0 = Release|Any CPU
	EndGlobalSection
	GlobalSection(SolutionProperties) = preSolution
		HideSolutionNode = FALSE
	EndGlobalSection
	GlobalSection(ExtensibilityGlobals) = postSolution
		SolutionGuid = {58C68501-FF5F-4C80-BAE9-BAFBABAED217}
	EndGlobalSection
EndGlobal
